
Microsoft Visual Studio Solution File, Format Version 12.00
# Visual Studio Version 16
VisualStudioVersion = 16.0.31624.102
MinimumVisualStudioVersion = 10.0.40219.1
Project("{FAE04EC0-301F-11D3-BF4B-00C04F79EFBC}") = "WebApiCancion", "WebApiCancion.csproj", "{27012A40-6C12-42D7-8925-DBB2605118EC}"
EndProject
Global
	GlobalSection(SolutionConfigurationPlatforms) = preSolution
		Debug|Any CPU = Debug|Any CPU
		Release|Any CPU = Release|Any CPU
	EndGlobalSection
	GlobalSection(ProjectConfigurationPlatforms) = postSolution
		{27012A40-6C12-42D7-8925-DBB2605118EC}.Debug|Any CPU.ActiveCfg = Debug|Any CPU
		{27012A40-6C12-42D7-8925-DBB2605118EC}.Debug|Any CPU.Build.0 = Debug|Any CPU
		{27012A40-6C12-42D7-8925-DBB2605118EC}.Release|Any CPU.ActiveCfg = Release|Any CPU
		{27012A40-6C12-42D7-8925-DBB2605118EC}.Release|Any CPU.Build.0 = Release|Any CPU
	EndGlobalSection
	GlobalSection(SolutionProperties) = preSolution
		HideSolutionNode = FALSE
	EndGlobalSection
	GlobalSection(ExtensibilityGlobals) = postSolution
		SolutionGuid = {1B088A17-BA6D-479B-9738-7A80736DBC97}
	EndGlobalSection
EndGlobal
